<?xml version="1.0" encoding="utf-8"?>
<Project ToolsVersion="4.0" xmlns="http://schemas.microsoft.com/developer/msbuild/2003">
  <ItemGroup>
    <ClCompile Include="benchmark.cpp" />
    <ClCompile Include="BenchmarkRunner.cpp" />
    <ClCompile Include="src\Profiler.cpp" />
  </ItemGroup>
  <ItemGroup>
    <ClInclude Include="Benchmark.h" />
    <ClInclude Include="BenchmarkRunner.h" />
    <ClInclude Include="SimpleTest.h" />
    <ClInclude Include="src\Profiler.h" />
  </ItemGroup>
</Project>